{
  "name": "bcnode",
  "version": "0.7.6",
  "lockfileVersion": 1,
  "requires": true,
  "dependencies": {
    "addr-to-ip-port": {
      "version": "1.5.1",
      "resolved": "https://registry.npmjs.org/addr-to-ip-port/-/addr-to-ip-port-1.5.1.tgz",
      "integrity": "sha512-bA+dyydTNuQtrEDJ0g9eR7XabNhvrM5yZY0hvTbNK3yvoeC73ZqMES6E1cEqH9WPxs4uMtMsOjfwS4FmluhsAA=="
    },
    "async-limiter": {
      "version": "1.0.0",
      "resolved": "https://registry.npmjs.org/async-limiter/-/async-limiter-1.0.0.tgz",
      "integrity": "sha512-jp/uFnooOiO+L211eZOoSyzpOITMXx1rBITauYykG3BRYPu8h0UcxsPNB04RR5vo4Tyz3+ay17tR6JVf9qzYWg=="
    },
    "bencode": {
      "version": "2.0.0",
      "resolved": "https://registry.npmjs.org/bencode/-/bencode-2.0.0.tgz",
      "integrity": "sha512-wr2HwwrUpfB5c68zmAudOltC7rZ1G0+lQOcnuEcfIM3AWAVnB3rHI3nlgd/2CWTfQ3w3zagKt89zni/M+VLZ8g==",
      "requires": {
        "safe-buffer": "^5.1.1"
      }
    },
    "bittorrent-peerid": {
      "version": "1.3.0",
      "resolved": "https://registry.npmjs.org/bittorrent-peerid/-/bittorrent-peerid-1.3.0.tgz",
      "integrity": "sha512-SYd5H3RbN1ex+TrWAKXkEkASFWxAR7Tk6iLt9tfAT9ehBvZb/Y3AQDVRVJynlrixcWpnmsLYKI7tkRWgp7ORoQ=="
    },
    "bittorrent-tracker": {
      "version": "9.10.0",
      "resolved": "https://registry.npmjs.org/bittorrent-tracker/-/bittorrent-tracker-9.10.0.tgz",
      "integrity": "sha512-mL/hLX5aT9D0ywIcleksJ3vaggxguwzyBTWEYU/8s7f3x8rvtB2SDNaQ548/CezqfVVxGNAHlBxctw4EeXSp8Q==",
      "requires": {
        "bencode": "^2.0.0",
        "bittorrent-peerid": "^1.0.2",
        "bn.js": "^4.4.0",
        "bufferutil": "^4.0.0",
        "compact2string": "^1.2.0",
        "debug": "^3.1.0",
        "inherits": "^2.0.1",
        "ip": "^1.0.1",
        "lru": "^3.0.0",
        "minimist": "^1.1.1",
        "once": "^1.3.0",
        "random-iterate": "^1.0.1",
        "randombytes": "^2.0.3",
        "run-parallel": "^1.1.2",
        "run-series": "^1.0.2",
        "safe-buffer": "^5.0.0",
        "simple-get": "^3.0.0",
        "simple-peer": "^9.0.0",
        "simple-websocket": "^7.0.1",
        "string2compact": "^1.1.1",
        "uniq": "^1.0.1",
        "unordered-array-remove": "^1.0.2",
        "utf-8-validate": "^5.0.1",
        "ws": "^6.0.0",
        "xtend": "^4.0.0"
      },
      "dependencies": {
        "bn.js": {
          "version": "4.11.8",
          "resolved": "https://registry.npmjs.org/bn.js/-/bn.js-4.11.8.tgz",
          "integrity": "sha512-ItfYfPLkWHUjckQCk8xC+LwxgK8NYcXywGigJgSwOP8Y2iyWT4f2vsZnoOXTTbo+o5yXmIUJ4gn5538SO5S3gA=="
        },
        "debug": {
          "version": "3.1.0",
          "resolved": "https://registry.npmjs.org/debug/-/debug-3.1.0.tgz",
          "integrity": "sha512-OX8XqP7/1a9cqkxYw2yXss15f26NKWBpDXQd0/uK/KPqdQhxbPa994hnzjcE2VqQpDslf55723cKPUOGSmMY3g==",
          "requires": {
            "ms": "2.0.0"
          }
        },
        "ms": {
          "version": "2.0.0",
          "resolved": "https://registry.npmjs.org/ms/-/ms-2.0.0.tgz",
          "integrity": "sha1-VgiurfwAvmwpAd9fmGF4jeDVl8g="
        }
      }
    },
    "buffer-equals": {
      "version": "1.0.4",
      "resolved": "https://registry.npmjs.org/buffer-equals/-/buffer-equals-1.0.4.tgz",
      "integrity": "sha1-A1O1T9B/2VZBcGca5vZrnPENJ/U="
    },
    "buffer-from": {
      "version": "1.1.1",
      "resolved": "https://registry.npmjs.org/buffer-from/-/buffer-from-1.1.1.tgz",
      "integrity": "sha512-MQcXEUbCKtEo7bhqEs6560Hyd4XaovZlO/k9V3hjVUF/zwW7KBVdSK4gIt/bzwS9MbR5qob+F5jusZsb0YQK2A=="
    },
    "bufferutil": {
      "version": "4.0.0",
      "resolved": "https://registry.npmjs.org/bufferutil/-/bufferutil-4.0.0.tgz",
      "integrity": "sha512-jpnqMVLo7sqfUY2W92RC4jjj9TuiOSkjB0k43TxPcrBSntZwXUOl8Krfd3eVEdApuScpSTwYKntm/dXU2T8gnw==",
      "optional": true,
      "requires": {
        "node-gyp-build": "~3.4.0"
      }
    },
    "circular-append-file": {
      "version": "1.0.1",
      "resolved": "https://registry.npmjs.org/circular-append-file/-/circular-append-file-1.0.1.tgz",
      "integrity": "sha512-BUDFvrBTCdeVhg9E05PX4XgMegk6xWB69uGwyuATEg7PMfa9lGU1mzFSK0xWNW2O0i9CAQHN0oIdXI/kI2hPkg==",
      "requires": {
        "multistream": "^2.1.0"
      }
    },
    "compact2string": {
      "version": "1.4.0",
      "resolved": "https://registry.npmjs.org/compact2string/-/compact2string-1.4.0.tgz",
      "integrity": "sha1-qZzZbqAAUlaEsmloOuIiLW7qe0k=",
      "requires": {
        "ipaddr.js": ">= 0.1.5"
      }
    },
    "connections": {
      "version": "1.4.2",
      "resolved": "https://registry.npmjs.org/connections/-/connections-1.4.2.tgz",
      "integrity": "sha1-eJBIK/XHGvbFyhkr4xNq7XRCiq0="
    },
    "core-util-is": {
      "version": "1.0.2",
      "resolved": "https://registry.npmjs.org/core-util-is/-/core-util-is-1.0.2.tgz",
      "integrity": "sha1-tf1UIgqivFq1eqtxQMlAdUUDwac="
    },
    "decompress-response": {
      "version": "3.3.0",
      "resolved": "https://registry.npmjs.org/decompress-response/-/decompress-response-3.3.0.tgz",
      "integrity": "sha1-gKTdMjdIOEv6JICDYirt7Jgq3/M=",
      "requires": {
        "mimic-response": "^1.0.0"
      }
    },
    "discovery-channel": {
      "version": "git+https://github.com/mmpmm/discovery-channel.git#3db8cbd1572efc1c4f20f96f7479a93569b34103",
      "from": "git+https://github.com/mmpmm/discovery-channel.git",
      "requires": {
        "bittorrent-dht": "^8.4.0",
        "buffer-from": "^1.0.0",
        "debug": "^2.6.9",
        "dns-discovery": "^6.0.1",
        "pretty-hash": "^1.0.1",
        "thunky": "^0.1.0"
      },
      "dependencies": {
        "bittorrent-dht": {
          "version": "8.4.0",
          "resolved": "https://registry.npmjs.org/bittorrent-dht/-/bittorrent-dht-8.4.0.tgz",
          "integrity": "sha512-FRe/+MYBePev7Yb+BXSclkVuDxb/w+gUbao6nVHYQRaKO7aXE+ARRlL3phqm6Rdhw5CRVoLMbLd49nxmCuUhUQ==",
          "requires": {
            "bencode": "^2.0.0",
            "buffer-equals": "^1.0.3",
            "debug": "^3.1.0",
            "inherits": "^2.0.1",
            "k-bucket": "^4.0.0",
            "k-rpc": "^5.0.0",
            "last-one-wins": "^1.0.4",
            "lru": "^3.1.0",
            "randombytes": "^2.0.5",
            "record-cache": "^1.0.2",
            "safe-buffer": "^5.0.1",
            "simple-sha1": "^2.1.0"
          },
          "dependencies": {
            "debug": {
              "version": "3.1.0",
              "resolved": "https://registry.npmjs.org/debug/-/debug-3.1.0.tgz",
              "integrity": "sha512-OX8XqP7/1a9cqkxYw2yXss15f26NKWBpDXQd0/uK/KPqdQhxbPa994hnzjcE2VqQpDslf55723cKPUOGSmMY3g==",
              "requires": {
                "ms": "2.0.0"
              }
            }
          }
        },
        "debug": {
          "version": "2.6.9",
          "resolved": "https://registry.npmjs.org/debug/-/debug-2.6.9.tgz",
          "integrity": "sha512-bC7ElrdJaJnPbAP+1EotYvqZsb3ecl5wi6Bfi6BJTUcNowp6cvspg0jXznRTKDjm/E7AdgFBVeAPVMNcKGsHMA==",
          "requires": {
            "ms": "2.0.0"
          }
        },
        "ms": {
          "version": "2.0.0",
          "resolved": "https://registry.npmjs.org/ms/-/ms-2.0.0.tgz",
          "integrity": "sha1-VgiurfwAvmwpAd9fmGF4jeDVl8g="
        }
      }
    },
    "discovery-swarm": {
      "version": "git+https://github.com/mmpmm/discovery-swarm.git#c52992c7ee14d864ef0d2f92dae730411584e5e7",
      "from": "git+https://github.com/mmpmm/discovery-swarm.git",
      "requires": {
        "buffer-equals": "^1.0.3",
        "connections": "^1.4.2",
        "debug": "^3.1.0",
        "discovery-channel": "git+https://github.com/mmpmm/discovery-channel.git#3db8cbd1572efc1c4f20f96f7479a93569b34103",
        "length-prefixed-message": "^3.0.3",
        "pump": "^3.0.0",
        "to-buffer": "^1.0.1",
        "utp-native": "^1.7.2"
      },
      "dependencies": {
        "debug": {
          "version": "3.1.0",
          "resolved": "https://registry.npmjs.org/debug/-/debug-3.1.0.tgz",
          "integrity": "sha512-OX8XqP7/1a9cqkxYw2yXss15f26NKWBpDXQd0/uK/KPqdQhxbPa994hnzjcE2VqQpDslf55723cKPUOGSmMY3g==",
          "requires": {
            "ms": "2.0.0"
          }
        },
        "ms": {
          "version": "2.0.0",
          "resolved": "https://registry.npmjs.org/ms/-/ms-2.0.0.tgz",
          "integrity": "sha1-VgiurfwAvmwpAd9fmGF4jeDVl8g="
        },
        "utp-native": {
          "version": "1.7.2",
          "resolved": "https://registry.npmjs.org/utp-native/-/utp-native-1.7.2.tgz",
          "integrity": "sha512-jxNZIa49OXRCFbbqlp0SWsTCasvD9QjumUW85++KMaT21PKMDn6dLl2GsSsf1OsWRI8yKdzXg1OxhNsifPjyEA==",
          "optional": true,
          "requires": {
            "nan": "^2.5.1",
            "node-gyp-build": "^3.0.0",
            "readable-stream": "^2.2.2"
          }
        }
      }
    },
    "dns-discovery": {
      "version": "6.1.0",
      "resolved": "https://registry.npmjs.org/dns-discovery/-/dns-discovery-6.1.0.tgz",
      "integrity": "sha512-Kl2tL2zuNR1w6SnsoRaqrOFm7gGP3/i/HzRXtyVBqaOq/5L1D2TUdViUAZ8e/NDbt+jQCJFWoaKCnmDC343usQ==",
      "requires": {
        "circular-append-file": "^1.0.1",
        "debug": "^2.6.9",
        "dns-socket": "^3.0.0",
        "lru": "^2.0.0",
        "minimist": "^1.2.0",
        "multicast-dns": "^7.0.0",
        "network-address": "^1.1.2",
        "pump": "^3.0.0",
        "speedometer": "^1.0.0",
        "unordered-set": "^1.1.0"
      },
      "dependencies": {
        "debug": {
          "version": "2.6.9",
          "resolved": "https://registry.npmjs.org/debug/-/debug-2.6.9.tgz",
          "integrity": "sha512-bC7ElrdJaJnPbAP+1EotYvqZsb3ecl5wi6Bfi6BJTUcNowp6cvspg0jXznRTKDjm/E7AdgFBVeAPVMNcKGsHMA==",
          "requires": {
            "ms": "2.0.0"
          }
        },
        "lru": {
          "version": "2.0.1",
          "resolved": "https://registry.npmjs.org/lru/-/lru-2.0.1.tgz",
          "integrity": "sha1-+XmHHhYuP1yiVL5GhExT1MU2RUQ=",
          "requires": {
            "inherits": "^2.0.1"
          }
        },
        "ms": {
          "version": "2.0.0",
          "resolved": "https://registry.npmjs.org/ms/-/ms-2.0.0.tgz",
          "integrity": "sha1-VgiurfwAvmwpAd9fmGF4jeDVl8g="
        }
      }
    },
    "dns-packet": {
      "version": "4.2.0",
      "resolved": "https://registry.npmjs.org/dns-packet/-/dns-packet-4.2.0.tgz",
      "integrity": "sha512-bn1AKpfkFbm0MIioOMHZ5qJzl2uypdBwI4nYNsqvhjsegBhcKJUlCrMPWLx6JEezRjxZmxhtIz/FkBEur2l8Cw==",
      "requires": {
        "ip": "^1.1.5",
        "safe-buffer": "^5.1.1"
      }
    },
    "dns-socket": {
      "version": "3.0.0",
      "resolved": "https://registry.npmjs.org/dns-socket/-/dns-socket-3.0.0.tgz",
      "integrity": "sha512-M0WkByoJ/mTm+HtwBQLsRJPe5uGIC/lYVOp+s6ZzhbZ5iq4GxjFyxYPQhB85dgCLvVb43aJQXHDC9aUgyKGc/Q==",
      "requires": {
        "dns-packet": "^4.1.0"
      }
    },
    "end-of-stream": {
      "version": "1.4.1",
      "resolved": "https://registry.npmjs.org/end-of-stream/-/end-of-stream-1.4.1.tgz",
      "integrity": "sha512-1MkrZNvWTKCaigbn+W15elq2BB/L22nqrSY5DKlo3X6+vclJm8Bb5djXJBmEX6fS3+zCh/F4VBK5Z2KxJt4s2Q==",
      "requires": {
        "once": "^1.4.0"
      }
    },
    "get-browser-rtc": {
      "version": "1.0.2",
      "resolved": "https://registry.npmjs.org/get-browser-rtc/-/get-browser-rtc-1.0.2.tgz",
      "integrity": "sha1-u81AyEUaftTvXDc7gWmkCd0dEdk="
    },
    "inherits": {
      "version": "2.0.3",
      "resolved": "https://registry.npmjs.org/inherits/-/inherits-2.0.3.tgz",
      "integrity": "sha1-Yzwsg+PaQqUC9SRmAiSA9CCCYd4="
    },
    "ip": {
      "version": "1.1.5",
      "resolved": "https://registry.npmjs.org/ip/-/ip-1.1.5.tgz",
      "integrity": "sha1-vd7XARQpCCjAoDnnLvJfWq7ENUo="
    },
    "ipaddr.js": {
      "version": "1.8.1",
      "resolved": "https://registry.npmjs.org/ipaddr.js/-/ipaddr.js-1.8.1.tgz",
      "integrity": "sha1-+kt5+kf9Pe9eOxWYJRYcClGclCc="
    },
    "isarray": {
      "version": "1.0.0",
      "resolved": "https://registry.npmjs.org/isarray/-/isarray-1.0.0.tgz",
      "integrity": "sha1-u5NdSFgsuhaMBoNJV6VKPgcSTxE="
    },
    "k-bucket": {
      "version": "4.0.1",
      "resolved": "https://registry.npmjs.org/k-bucket/-/k-bucket-4.0.1.tgz",
      "integrity": "sha512-YvDpmY3waI999h1zZoW1rJ04fZrgZ+5PAlVmvwDHT6YO/Q1AOhdel07xsKy9eAvJjQ9xZV1wz3rXKqEfaWvlcQ==",
      "requires": {
        "inherits": "^2.0.1",
        "randombytes": "^2.0.3"
      }
    },
    "k-rpc": {
      "version": "5.0.0",
      "resolved": "https://registry.npmjs.org/k-rpc/-/k-rpc-5.0.0.tgz",
      "integrity": "sha512-vCH2rQdfMOS+MlUuTSuar1pS2EMrltURf9LmAR9xR6Jik0XPlMX3vEixgqMn17wKmFVCublJqSJ4hJIP7oKZ3Q==",
      "requires": {
        "buffer-equals": "^1.0.3",
        "k-bucket": "^4.0.0",
        "k-rpc-socket": "^1.7.2",
        "randombytes": "^2.0.5",
        "safe-buffer": "^5.1.1"
      }
    },
    "k-rpc-socket": {
      "version": "1.8.0",
      "resolved": "https://registry.npmjs.org/k-rpc-socket/-/k-rpc-socket-1.8.0.tgz",
      "integrity": "sha512-f/9TynsO8YYjZ6JjNNtSSH7CJcIHcio1buy3zqByGxb/GX8AWLdL6FZEWTrN8V3/J7W4/E0ZTQQ+Jt2rVq7ELg==",
      "requires": {
        "bencode": "^2.0.0",
        "buffer-equals": "^1.0.4",
        "safe-buffer": "^5.1.1"
      }
    },
    "last-one-wins": {
      "version": "1.0.4",
      "resolved": "https://registry.npmjs.org/last-one-wins/-/last-one-wins-1.0.4.tgz",
      "integrity": "sha1-wb/Qy8tGeQ7JFWuNGu6Py4bNoio="
    },
    "length-prefixed-message": {
      "version": "3.0.3",
      "resolved": "https://registry.npmjs.org/length-prefixed-message/-/length-prefixed-message-3.0.3.tgz",
      "integrity": "sha1-JFR01pq8BhTco2jcNaqAdJgqI6w=",
      "requires": {
        "varint": "^3.0.1"
      }
    },
    "lru": {
      "version": "3.1.0",
      "resolved": "https://registry.npmjs.org/lru/-/lru-3.1.0.tgz",
      "integrity": "sha1-6n+4VG2DczOWoTCR12z+tMBoN9U=",
      "requires": {
        "inherits": "^2.0.1"
      }
    },
    "mimic-response": {
      "version": "1.0.1",
      "resolved": "https://registry.npmjs.org/mimic-response/-/mimic-response-1.0.1.tgz",
      "integrity": "sha512-j5EctnkH7amfV/q5Hgmoal1g2QHFJRraOtmx0JpIqkxhBhI/lJSl1nMpQ45hVarwNETOoWEimndZ4QK0RHxuxQ=="
    },
    "minimist": {
      "version": "1.2.0",
      "resolved": "https://registry.npmjs.org/minimist/-/minimist-1.2.0.tgz",
      "integrity": "sha1-o1AIsg9BOD7sH7kU9M1d95omQoQ="
    },
    "multicast-dns": {
      "version": "7.0.0",
      "resolved": "https://registry.npmjs.org/multicast-dns/-/multicast-dns-7.0.0.tgz",
      "integrity": "sha512-BqB5TtIXHo+8gN33N1CA1clsvPsAJlnc6D49SzfQA0xq75cxj15g2y9NaRdf4x2u4v1P66PBC+Wg6YgPO5Bc/g==",
      "requires": {
        "dns-packet": "^4.0.0",
        "thunky": "^1.0.2"
      },
      "dependencies": {
        "thunky": {
          "version": "1.0.2",
          "resolved": "https://registry.npmjs.org/thunky/-/thunky-1.0.2.tgz",
          "integrity": "sha1-qGLgGOP7HqLsP85dVWBc9X8kc3E="
        }
      }
    },
    "multistream": {
      "version": "2.1.1",
      "resolved": "https://registry.npmjs.org/multistream/-/multistream-2.1.1.tgz",
      "integrity": "sha512-xasv76hl6nr1dEy3lPvy7Ej7K/Lx3O/FCvwge8PeVJpciPPoNCbaANcNiBug3IpdvTveZUcAV0DJzdnUDMesNQ==",
      "requires": {
        "inherits": "^2.0.1",
        "readable-stream": "^2.0.5"
      }
    },
    "nan": {
      "version": "2.10.0",
      "resolved": "https://registry.npmjs.org/nan/-/nan-2.10.0.tgz",
      "integrity": "sha512-bAdJv7fBLhWC+/Bls0Oza+mvTaNQtP+1RyhhhvD95pgUJz6XM5IzgmxOkItJ9tkoCiplvAnXI1tNmmUD/eScyA==",
      "optional": true
    },
    "network-address": {
      "version": "1.1.2",
      "resolved": "https://registry.npmjs.org/network-address/-/network-address-1.1.2.tgz",
      "integrity": "sha1-Sqe/1D8D8LgclwKxPWqFjdsybz4="
    },
    "node-gyp-build": {
      "version": "3.4.0",
      "resolved": "https://registry.npmjs.org/node-gyp-build/-/node-gyp-build-3.4.0.tgz",
      "integrity": "sha512-YoviGBJYGrPdLOKDIQB0sKxuKy/EEsxzooNkOZak4vSTKT/qH0Pa6dj3t1MJjEQGsefih61IyHDmO1WW7xOFfw==",
      "optional": true
    },
    "once": {
      "version": "1.4.0",
      "resolved": "https://registry.npmjs.org/once/-/once-1.4.0.tgz",
      "integrity": "sha1-WDsap3WWHUsROsF9nFC6753Xa9E=",
      "requires": {
        "wrappy": "1"
      }
    },
    "pretty-hash": {
      "version": "1.0.1",
      "resolved": "https://registry.npmjs.org/pretty-hash/-/pretty-hash-1.0.1.tgz",
      "integrity": "sha1-FuBXkYje9WvbVliSvNBaXWUySAc="
    },
    "process-nextick-args": {
      "version": "2.0.0",
      "resolved": "https://registry.npmjs.org/process-nextick-args/-/process-nextick-args-2.0.0.tgz",
      "integrity": "sha512-MtEC1TqN0EU5nephaJ4rAtThHtC86dNN9qCuEhtshvpVBkAW5ZO7BASN9REnF9eoXGcRub+pFuKEpOHE+HbEMw=="
    },
    "pump": {
      "version": "3.0.0",
      "resolved": "https://registry.npmjs.org/pump/-/pump-3.0.0.tgz",
      "integrity": "sha512-LwZy+p3SFs1Pytd/jYct4wpv49HiYCqd9Rlc5ZVdk0V+8Yzv6jR5Blk3TRmPL1ft69TxP0IMZGJ+WPFU2BFhww==",
      "requires": {
        "end-of-stream": "^1.1.0",
        "once": "^1.3.1"
      }
    },
    "random-iterate": {
      "version": "1.0.1",
      "resolved": "https://registry.npmjs.org/random-iterate/-/random-iterate-1.0.1.tgz",
      "integrity": "sha1-99l9kt7mZl7F9toIx/ljytSyrJk="
    },
    "randombytes": {
      "version": "2.0.6",
      "resolved": "https://registry.npmjs.org/randombytes/-/randombytes-2.0.6.tgz",
      "integrity": "sha512-CIQ5OFxf4Jou6uOKe9t1AOgqpeU5fd70A8NPdHSGeYXqXsPe6peOwI0cUl88RWZ6sP1vPMV3avd/R6cZ5/sP1A==",
      "requires": {
        "safe-buffer": "^5.1.0"
      }
    },
    "readable-stream": {
      "version": "2.3.6",
      "resolved": "https://registry.npmjs.org/readable-stream/-/readable-stream-2.3.6.tgz",
      "integrity": "sha512-tQtKA9WIAhBF3+VLAseyMqZeBjW0AHJoxOtYqSUZNJxauErmLbVm2FW1y+J/YA9dUrAC39ITejlZWhVIwawkKw==",
      "requires": {
        "core-util-is": "~1.0.0",
        "inherits": "~2.0.3",
        "isarray": "~1.0.0",
        "process-nextick-args": "~2.0.0",
        "safe-buffer": "~5.1.1",
        "string_decoder": "~1.1.1",
        "util-deprecate": "~1.0.1"
      }
    },
    "record-cache": {
      "version": "1.1.0",
      "resolved": "https://registry.npmjs.org/record-cache/-/record-cache-1.1.0.tgz",
      "integrity": "sha512-u8rbtLEJV7HRacl/ZYwSBFD8NFyB3PfTTfGLP37IW3hftQCwu6z4Q2RLyxo1YJUNRTEzJfpLpGwVuEYdaIkG9Q=="
    },
    "run-parallel": {
      "version": "1.1.9",
      "resolved": "https://registry.npmjs.org/run-parallel/-/run-parallel-1.1.9.tgz",
      "integrity": "sha512-DEqnSRTDw/Tc3FXf49zedI638Z9onwUotBMiUFKmrO2sdFKIbXamXGQ3Axd4qgphxKB4kw/qP1w5kTxnfU1B9Q=="
    },
    "run-series": {
      "version": "1.1.8",
      "resolved": "https://registry.npmjs.org/run-series/-/run-series-1.1.8.tgz",
      "integrity": "sha512-+GztYEPRpIsQoCSraWHDBs9WVy4eVME16zhOtDB4H9J4xN0XRhknnmLOl+4gRgZtu8dpp9N/utSPjKH/xmDzXg=="
    },
    "rusha": {
      "version": "0.8.13",
      "resolved": "https://registry.npmjs.org/rusha/-/rusha-0.8.13.tgz",
      "integrity": "sha1-mghOe4YLF7/zAVuSxnpqM2GRUTo="
    },
    "safe-buffer": {
      "version": "5.1.2",
      "resolved": "https://registry.npmjs.org/safe-buffer/-/safe-buffer-5.1.2.tgz",
      "integrity": "sha512-Gd2UZBJDkXlY7GbJxfsE8/nvKkUEU1G38c1siN6QP6a9PT9MmHB8GnpscSmMJSoF8LOIrt8ud/wPtojys4G6+g=="
    },
    "simple-concat": {
      "version": "1.0.0",
      "resolved": "https://registry.npmjs.org/simple-concat/-/simple-concat-1.0.0.tgz",
      "integrity": "sha1-c0TLuLbib7J9ZrL8hvn21Zl1IcY="
    },
    "simple-get": {
      "version": "3.0.2",
      "resolved": "https://registry.npmjs.org/simple-get/-/simple-get-3.0.2.tgz",
      "integrity": "sha512-dU3TBVIGkP5Hzw6o74hJx+VzTBTX2rqIiLfugs0HdmdVQCQp76XGg2jlBCqfRJfW/n6/mUKTi+s3rnzX7SgbBA==",
      "requires": {
        "decompress-response": "^3.3.0",
        "once": "^1.3.1",
        "simple-concat": "^1.0.0"
      }
    },
    "simple-peer": {
      "version": "9.1.2",
      "resolved": "https://registry.npmjs.org/simple-peer/-/simple-peer-9.1.2.tgz",
      "integrity": "sha512-MUWWno5o5cvISKOH4pYQ18PQJLpDaNWoKUbrPPKuspCLCkkh+zhtuQyTE8h2U2Ags+/OUN5wnUe92+9B8/Sm2Q==",
      "requires": {
        "debug": "^3.1.0",
        "get-browser-rtc": "^1.0.0",
        "inherits": "^2.0.1",
        "randombytes": "^2.0.3",
        "readable-stream": "^2.3.4"
      },
      "dependencies": {
        "debug": {
          "version": "3.1.0",
          "resolved": "https://registry.npmjs.org/debug/-/debug-3.1.0.tgz",
          "integrity": "sha512-OX8XqP7/1a9cqkxYw2yXss15f26NKWBpDXQd0/uK/KPqdQhxbPa994hnzjcE2VqQpDslf55723cKPUOGSmMY3g==",
          "requires": {
            "ms": "2.0.0"
          }
        },
        "ms": {
          "version": "2.0.0",
          "resolved": "https://registry.npmjs.org/ms/-/ms-2.0.0.tgz",
          "integrity": "sha1-VgiurfwAvmwpAd9fmGF4jeDVl8g="
        }
      }
    },
    "simple-sha1": {
      "version": "2.1.1",
      "resolved": "https://registry.npmjs.org/simple-sha1/-/simple-sha1-2.1.1.tgz",
      "integrity": "sha512-pFMPd+I/lQkpf4wFUeS/sED5IqdIG1lUlrQviBMV4u4mz8BRAcB5fvUx5Ckfg3kBigEglAjHg7E9k/yy2KlCqA==",
      "requires": {
        "rusha": "^0.8.1"
      }
    },
    "simple-websocket": {
      "version": "7.2.0",
      "resolved": "https://registry.npmjs.org/simple-websocket/-/simple-websocket-7.2.0.tgz",
      "integrity": "sha512-wdxFg1fHw1yqFKWDcw+yNb4VIYqtl+vknZMlpLhvZSlR6l7/iVuwozqo+Qtl73mB1IH5QnXzonD1S+hAaLNTvQ==",
      "requires": {
        "debug": "^3.1.0",
        "inherits": "^2.0.1",
        "randombytes": "^2.0.3",
        "readable-stream": "^2.0.5",
        "ws": "^6.0.0"
      },
      "dependencies": {
        "debug": {
          "version": "3.1.0",
          "resolved": "https://registry.npmjs.org/debug/-/debug-3.1.0.tgz",
          "integrity": "sha512-OX8XqP7/1a9cqkxYw2yXss15f26NKWBpDXQd0/uK/KPqdQhxbPa994hnzjcE2VqQpDslf55723cKPUOGSmMY3g==",
          "requires": {
            "ms": "2.0.0"
          }
        },
        "ms": {
          "version": "2.0.0",
          "resolved": "https://registry.npmjs.org/ms/-/ms-2.0.0.tgz",
          "integrity": "sha1-VgiurfwAvmwpAd9fmGF4jeDVl8g="
        }
      }
    },
    "speedometer": {
      "version": "1.1.0",
      "resolved": "https://registry.npmjs.org/speedometer/-/speedometer-1.1.0.tgz",
      "integrity": "sha512-z/wAiTESw2XVPssY2XRcme4niTc4S5FkkJ4gknudtVoc33Zil8TdTxHy5torRcgqMqksJV2Yz8HQcvtbsnw0mQ=="
    },
    "string2compact": {
      "version": "1.3.0",
      "resolved": "https://registry.npmjs.org/string2compact/-/string2compact-1.3.0.tgz",
      "integrity": "sha512-004ulKKANDuQilQsNxy2lisrpMG0qUJxBU+2YCEF7KziRyNR0Nredm2qk0f1V82nva59H3y9GWeHXE63HzGRFw==",
      "requires": {
        "addr-to-ip-port": "^1.0.1",
        "ipaddr.js": "^1.0.1"
      }
    },
    "string_decoder": {
      "version": "1.1.1",
      "resolved": "https://registry.npmjs.org/string_decoder/-/string_decoder-1.1.1.tgz",
      "integrity": "sha512-n/ShnvDi6FHbbVfviro+WojiFzv+s8MPMHBczVePfUpDJLwoLT0ht1l4YwBCbi8pJAveEEdnkHyPyTP/mzRfwg==",
      "requires": {
        "safe-buffer": "~5.1.0"
      }
    },
    "thunky": {
      "version": "0.1.0",
      "resolved": "https://registry.npmjs.org/thunky/-/thunky-0.1.0.tgz",
      "integrity": "sha1-vzAUaCTituZ7Dy16Ssi+smkIaE4="
    },
    "to-buffer": {
      "version": "1.1.1",
      "resolved": "https://registry.npmjs.org/to-buffer/-/to-buffer-1.1.1.tgz",
      "integrity": "sha512-lx9B5iv7msuFYE3dytT+KE5tap+rNYw+K4jVkb9R/asAb+pbBSM17jtunHplhBe6RRJdZx3Pn2Jph24O32mOVg=="
    },
    "uniq": {
      "version": "1.0.1",
      "resolved": "https://registry.npmjs.org/uniq/-/uniq-1.0.1.tgz",
      "integrity": "sha1-sxxa6CVIRKOoKBVBzisEuGWnNP8="
    },
    "unordered-array-remove": {
      "version": "1.0.2",
      "resolved": "https://registry.npmjs.org/unordered-array-remove/-/unordered-array-remove-1.0.2.tgz",
      "integrity": "sha1-xUbo+I4xegzyZEyX7LV9umbSUO8="
    },
    "unordered-set": {
      "version": "1.1.0",
      "resolved": "https://registry.npmjs.org/unordered-set/-/unordered-set-1.1.0.tgz",
      "integrity": "sha1-K6fvMW7dC5WQzFR8dPdqLxZP7Mo="
    },
    "utf-8-validate": {
      "version": "5.0.1",
      "resolved": "https://registry.npmjs.org/utf-8-validate/-/utf-8-validate-5.0.1.tgz",
      "integrity": "sha512-Qef1AuiWWxQeZ1Oa4DTV3ArRafpZvsK+CLrlB8khLfsV+9mwhj58hNSGmel0ns5jYP+3yEwav6vxxW7Gz85bVw==",
      "optional": true,
      "requires": {
        "node-gyp-build": "~3.4.0"
      }
    },
    "util-deprecate": {
      "version": "1.0.2",
      "resolved": "https://registry.npmjs.org/util-deprecate/-/util-deprecate-1.0.2.tgz",
      "integrity": "sha1-RQ1Nyfpw3nMnYvvS1KKJgUGaDM8="
    },
    "varint": {
      "version": "3.0.1",
      "resolved": "https://registry.npmjs.org/varint/-/varint-3.0.1.tgz",
      "integrity": "sha1-nT9T4DbAqxIACnS8LSTL8JOlgdk="
    },
    "wrappy": {
      "version": "1.0.2",
      "resolved": "https://registry.npmjs.org/wrappy/-/wrappy-1.0.2.tgz",
      "integrity": "sha1-tSQ9jz7BqjXxNkYFvA0QNuMKtp8="
    },
    "ws": {
      "version": "6.0.0",
      "resolved": "https://registry.npmjs.org/ws/-/ws-6.0.0.tgz",
      "integrity": "sha512-c2UlYcAZp1VS8AORtpq6y4RJIkJ9dQz18W32SpR/qXGfLDZ2jU4y4wKvvZwqbi7U6gxFQTeE+urMbXU/tsDy4w==",
      "requires": {
        "async-limiter": "~1.0.0"
      }
    },
    "xtend": {
      "version": "4.0.1",
      "resolved": "https://registry.npmjs.org/xtend/-/xtend-4.0.1.tgz",
      "integrity": "sha1-pcbVMr5lbiPbgg77lDofBJmNY68="
    }
  }
}
